
Microsoft Visual Studio Solution File, Format Version 12.00
# Visual Studio Version 17
VisualStudioVersion = 17.0.31903.59
MinimumVisualStudioVersion = 10.0.40219.1
Project("{9A19103F-16F7-4668-BE54-9A1E7A4F7556}") = "WebApp.Api", "WebApp.Api\WebApp.Api.csproj", "{9DCB1C42-239A-4540-ADF6-4537DD78C2B1}"
EndProject
Project("{9A19103F-16F7-4668-BE54-9A1E7A4F7556}") = "WebApp.UnitTests", "WebApp.UnitTests\WebApp.UnitTests.csproj", "{35E5BA46-8638-416B-B023-C6C3A20C2BDC}"
EndProject
Project("{9A19103F-16F7-4668-BE54-9A1E7A4F7556}") = "WebApp.ApiTests", "WebApp.ApiTests\WebApp.ApiTests.csproj", "{79601AD8-3847-41FD-BE49-075EFB3C13A7}"
EndProject
Project("{FAE04EC0-301F-11D3-BF4B-00C04F79EFBC}") = "WebApp.Common", "WebApp.Common\WebApp.Common.csproj", "{77BE5EBE-2239-4EC6-980B-E79A5925A9ED}"
EndProject
Global
	GlobalSection(SolutionConfigurationPlatforms) = preSolution
		Debug|Any CPU = Debug|Any CPU
		Release|Any CPU = Release|Any CPU
	EndGlobalSection
	GlobalSection(ProjectConfigurationPlatforms) = postSolution
		{9DCB1C42-239A-4540-ADF6-4537DD78C2B1}.Debug|Any CPU.ActiveCfg = Debug|Any CPU
		{9DCB1C42-239A-4540-ADF6-4537DD78C2B1}.Debug|Any CPU.Build.0 = Debug|Any CPU
		{9DCB1C42-239A-4540-ADF6-4537DD78C2B1}.Release|Any CPU.ActiveCfg = Release|Any CPU
		{9DCB1C42-239A-4540-ADF6-4537DD78C2B1}.Release|Any CPU.Build.0 = Release|Any CPU
		{35E5BA46-8638-416B-B023-C6C3A20C2BDC}.Debug|Any CPU.ActiveCfg = Debug|Any CPU
		{35E5BA46-8638-416B-B023-C6C3A20C2BDC}.Debug|Any CPU.Build.0 = Debug|Any CPU
		{35E5BA46-8638-416B-B023-C6C3A20C2BDC}.Release|Any CPU.ActiveCfg = Release|Any CPU
		{35E5BA46-8638-416B-B023-C6C3A20C2BDC}.Release|Any CPU.Build.0 = Release|Any CPU
		{79601AD8-3847-41FD-BE49-075EFB3C13A7}.Debug|Any CPU.ActiveCfg = Debug|Any CPU
		{79601AD8-3847-41FD-BE49-075EFB3C13A7}.Debug|Any CPU.Build.0 = Debug|Any CPU
		{79601AD8-3847-41FD-BE49-075EFB3C13A7}.Release|Any CPU.ActiveCfg = Release|Any CPU
		{79601AD8-3847-41FD-BE49-075EFB3C13A7}.Release|Any CPU.Build.0 = Release|Any CPU
		{77BE5EBE-2239-4EC6-980B-E79A5925A9ED}.Debug|Any CPU.ActiveCfg = Debug|Any CPU
		{77BE5EBE-2239-4EC6-980B-E79A5925A9ED}.Debug|Any CPU.Build.0 = Debug|Any CPU
		{77BE5EBE-2239-4EC6-980B-E79A5925A9ED}.Release|Any CPU.ActiveCfg = Release|Any CPU
		{77BE5EBE-2239-4EC6-980B-E79A5925A9ED}.Release|Any CPU.Build.0 = Release|Any CPU
	EndGlobalSection
	GlobalSection(SolutionProperties) = preSolution
		HideSolutionNode = FALSE
	EndGlobalSection
	GlobalSection(ExtensibilityGlobals) = postSolution
		SolutionGuid = {C4DF76D5-E5E2-4010-86F1-040828908F37}
	EndGlobalSection
EndGlobal
